PODS:
  - Flutter (1.0.0)
  - Protobuf (3.25.3)
  - reactive_ble_mobile (0.0.1):
    - Flutter
    - Protobuf (~> 3.5)
    - SwiftProtobuf (~> 1.0)
  - SwiftProtobuf (1.25.2)

DEPENDENCIES:
  - Flutter (from `Flutter`)
  - reactive_ble_mobile (from `.symlinks/plugins/reactive_ble_mobile/ios`)

SPEC REPOS:
  trunk:
    - Protobuf
    - SwiftProtobuf

EXTERNAL SOURCES:
  Flutter:
    :path: Flutter
  reactive_ble_mobile:
    :path: ".symlinks/plugins/reactive_ble_mobile/ios"

SPEC CHECKSUMS:
  Flutter: f04841e97a9d0b0a8025694d0796dd46242b2854
  Protobuf: 8e9074797a13c484a79959fdb819ef4ae6da7dbe
  reactive_ble_mobile: 9ce6723d37ccf701dbffd202d487f23f5de03b4c
  SwiftProtobuf: 407a385e97fd206c4fbe880cc84123989167e0d1

PODFILE CHECKSUM: 70d9d25280d0dd177a5f637cdb0f0b0b12c6a189

COCOAPODS: 1.14.3
